
Microsoft Visual Studio Solution File, Format Version 12.00
# Visual Studio Version 16
VisualStudioVersion = 16.0.810.23
MinimumVisualStudioVersion = 10.0.40219.1
Project("{FAE04EC0-301F-11D3-BF4B-00C04F79EFBC}") = "CouseAula22Dictionary", "CouseAula22Dictionary\CouseAula22Dictionary.csproj", "{4CBD41BF-A828-4250-BF64-11898D05FB43}"
EndProject
Global
	GlobalSection(SolutionConfigurationPlatforms) = preSolution
		Debug|anycpu = Debug|anycpu
		Release|anycpu = Release|anycpu
	EndGlobalSection
	GlobalSection(ProjectConfigurationPlatforms) = postSolution
		{4CBD41BF-A828-4250-BF64-11898D05FB43}.Debug|anycpu.ActiveCfg = Debug|anycpu
		{4CBD41BF-A828-4250-BF64-11898D05FB43}.Debug|anycpu.Build.0 = Debug|anycpu
		{4CBD41BF-A828-4250-BF64-11898D05FB43}.Release|anycpu.ActiveCfg = Release|anycpu
		{4CBD41BF-A828-4250-BF64-11898D05FB43}.Release|anycpu.Build.0 = Release|anycpu
	EndGlobalSection
	GlobalSection(SolutionProperties) = preSolution
		HideSolutionNode = FALSE
	EndGlobalSection
	GlobalSection(ExtensibilityGlobals) = postSolution
		SolutionGuid = {FD65CAD9-EB2B-4BC7-8004-7960611BA705}
	EndGlobalSection
EndGlobal
