
Microsoft Visual Studio Solution File, Format Version 12.00
# Visual Studio Version 16
VisualStudioVersion = 16.0.810.22
MinimumVisualStudioVersion = 10.0.40219.1
Project("{FAE04EC0-301F-11D3-BF4B-00C04F79EFBC}") = "CurseAula48ExercicioProposto", "CurseAula48ExercicioProposto\CurseAula48ExercicioProposto.csproj", "{FD70BB9C-3C9D-4E29-9BD2-B659DFFC7AED}"
EndProject
Global
	GlobalSection(SolutionConfigurationPlatforms) = preSolution
		Debug|anycpu = Debug|anycpu
		Release|anycpu = Release|anycpu
	EndGlobalSection
	GlobalSection(ProjectConfigurationPlatforms) = postSolution
		{FD70BB9C-3C9D-4E29-9BD2-B659DFFC7AED}.Debug|anycpu.ActiveCfg = Debug|anycpu
		{FD70BB9C-3C9D-4E29-9BD2-B659DFFC7AED}.Debug|anycpu.Build.0 = Debug|anycpu
		{FD70BB9C-3C9D-4E29-9BD2-B659DFFC7AED}.Release|anycpu.ActiveCfg = Release|anycpu
		{FD70BB9C-3C9D-4E29-9BD2-B659DFFC7AED}.Release|anycpu.Build.0 = Release|anycpu
	EndGlobalSection
	GlobalSection(SolutionProperties) = preSolution
		HideSolutionNode = FALSE
	EndGlobalSection
	GlobalSection(ExtensibilityGlobals) = postSolution
		SolutionGuid = {B56E6D93-047B-4207-90E7-6874E9C79C17}
	EndGlobalSection
EndGlobal
