
Microsoft Visual Studio Solution File, Format Version 12.00
# Visual Studio Version 16
VisualStudioVersion = 16.0.810.22
MinimumVisualStudioVersion = 10.0.40219.1
Project("{FAE04EC0-301F-11D3-BF4B-00C04F79EFBC}") = "CouseAula208ExercicioFixacao", "CouseAula208ExercicioFixacao\CouseAula208ExercicioFixacao.csproj", "{332B1515-6BAE-41A6-B80A-2EC558916775}"
EndProject
Global
	GlobalSection(SolutionConfigurationPlatforms) = preSolution
		Debug|anycpu = Debug|anycpu
		Release|anycpu = Release|anycpu
	EndGlobalSection
	GlobalSection(ProjectConfigurationPlatforms) = postSolution
		{332B1515-6BAE-41A6-B80A-2EC558916775}.Debug|anycpu.ActiveCfg = Debug|anycpu
		{332B1515-6BAE-41A6-B80A-2EC558916775}.Debug|anycpu.Build.0 = Debug|anycpu
		{332B1515-6BAE-41A6-B80A-2EC558916775}.Release|anycpu.ActiveCfg = Release|anycpu
		{332B1515-6BAE-41A6-B80A-2EC558916775}.Release|anycpu.Build.0 = Release|anycpu
	EndGlobalSection
	GlobalSection(SolutionProperties) = preSolution
		HideSolutionNode = FALSE
	EndGlobalSection
	GlobalSection(ExtensibilityGlobals) = postSolution
		SolutionGuid = {AA1D5A7F-DA06-4E77-AFD1-CB07517E7CB6}
	EndGlobalSection
EndGlobal
