
Microsoft Visual Studio Solution File, Format Version 12.00
# Visual Studio Version 16
VisualStudioVersion = 16.0.810.22
MinimumVisualStudioVersion = 10.0.40219.1
Project("{FAE04EC0-301F-11D3-BF4B-00C04F79EFBC}") = "CourseAula72Params", "CourseAula72Params\CourseAula72Params.csproj", "{0C4C131E-CB66-43C0-A04E-57555C0BCE62}"
EndProject
Global
	GlobalSection(SolutionConfigurationPlatforms) = preSolution
		Debug|anycpu = Debug|anycpu
		Release|anycpu = Release|anycpu
	EndGlobalSection
	GlobalSection(ProjectConfigurationPlatforms) = postSolution
		{0C4C131E-CB66-43C0-A04E-57555C0BCE62}.Debug|anycpu.ActiveCfg = Debug|anycpu
		{0C4C131E-CB66-43C0-A04E-57555C0BCE62}.Debug|anycpu.Build.0 = Debug|anycpu
		{0C4C131E-CB66-43C0-A04E-57555C0BCE62}.Release|anycpu.ActiveCfg = Release|anycpu
		{0C4C131E-CB66-43C0-A04E-57555C0BCE62}.Release|anycpu.Build.0 = Release|anycpu
	EndGlobalSection
	GlobalSection(SolutionProperties) = preSolution
		HideSolutionNode = FALSE
	EndGlobalSection
	GlobalSection(ExtensibilityGlobals) = postSolution
		SolutionGuid = {CF58A99A-2789-4125-8B33-0C79F0D89693}
	EndGlobalSection
EndGlobal
