
Microsoft Visual Studio Solution File, Format Version 12.00
# Visual Studio Version 16
VisualStudioVersion = 16.0.810.22
MinimumVisualStudioVersion = 10.0.40219.1
Project("{FAE04EC0-301F-11D3-BF4B-00C04F79EFBC}") = "CouseAula77List", "CouseAula77List\CouseAula77List.csproj", "{0FEF1A5D-F1E4-40A3-A876-EE67DD8EBDF3}"
EndProject
Global
	GlobalSection(SolutionConfigurationPlatforms) = preSolution
		Debug|anycpu = Debug|anycpu
		Release|anycpu = Release|anycpu
	EndGlobalSection
	GlobalSection(ProjectConfigurationPlatforms) = postSolution
		{0FEF1A5D-F1E4-40A3-A876-EE67DD8EBDF3}.Debug|anycpu.ActiveCfg = Debug|anycpu
		{0FEF1A5D-F1E4-40A3-A876-EE67DD8EBDF3}.Debug|anycpu.Build.0 = Debug|anycpu
		{0FEF1A5D-F1E4-40A3-A876-EE67DD8EBDF3}.Release|anycpu.ActiveCfg = Release|anycpu
		{0FEF1A5D-F1E4-40A3-A876-EE67DD8EBDF3}.Release|anycpu.Build.0 = Release|anycpu
	EndGlobalSection
	GlobalSection(SolutionProperties) = preSolution
		HideSolutionNode = FALSE
	EndGlobalSection
	GlobalSection(ExtensibilityGlobals) = postSolution
		SolutionGuid = {F0227BD0-AA17-4BDC-9133-B7B69C3C279C}
	EndGlobalSection
EndGlobal
