
Microsoft Visual Studio Solution File, Format Version 12.00
# Visual Studio Version 16
VisualStudioVersion = 16.0.810.21
MinimumVisualStudioVersion = 10.0.40219.1
Project("{FAE04EC0-301F-11D3-BF4B-00C04F79EFBC}") = "CouseAula39TrianguloOrientadoObjeto", "CouseAula39TrianguloOrientadoObjeto\CouseAula39TrianguloOrientadoObjeto.csproj", "{B4AD408D-085A-4C65-A122-58E849D0082E}"
EndProject
Global
	GlobalSection(SolutionConfigurationPlatforms) = preSolution
		Debug|anycpu = Debug|anycpu
		Release|anycpu = Release|anycpu
	EndGlobalSection
	GlobalSection(ProjectConfigurationPlatforms) = postSolution
		{B4AD408D-085A-4C65-A122-58E849D0082E}.Debug|anycpu.ActiveCfg = Debug|anycpu
		{B4AD408D-085A-4C65-A122-58E849D0082E}.Debug|anycpu.Build.0 = Debug|anycpu
		{B4AD408D-085A-4C65-A122-58E849D0082E}.Release|anycpu.ActiveCfg = Release|anycpu
		{B4AD408D-085A-4C65-A122-58E849D0082E}.Release|anycpu.Build.0 = Release|anycpu
	EndGlobalSection
	GlobalSection(SolutionProperties) = preSolution
		HideSolutionNode = FALSE
	EndGlobalSection
	GlobalSection(ExtensibilityGlobals) = postSolution
		SolutionGuid = {5AA6D9B0-8C1C-424E-9FC5-B17CF617DEAA}
	EndGlobalSection
EndGlobal
