
Microsoft Visual Studio Solution File, Format Version 12.00
# Visual Studio Version 16
VisualStudioVersion = 16.0.810.22
MinimumVisualStudioVersion = 10.0.40219.1
Project("{FAE04EC0-301F-11D3-BF4B-00C04F79EFBC}") = "CouseAula137VirtualOverride", "CouseAula135Heranca\CouseAula137VirtualOverride.csproj", "{FD4A3C4F-B3F2-4226-A7BA-BA4FA971FF19}"
EndProject
Global
	GlobalSection(SolutionConfigurationPlatforms) = preSolution
		Debug|anycpu = Debug|anycpu
		Release|anycpu = Release|anycpu
	EndGlobalSection
	GlobalSection(ProjectConfigurationPlatforms) = postSolution
		{FD4A3C4F-B3F2-4226-A7BA-BA4FA971FF19}.Debug|anycpu.ActiveCfg = Debug|anycpu
		{FD4A3C4F-B3F2-4226-A7BA-BA4FA971FF19}.Debug|anycpu.Build.0 = Debug|anycpu
		{FD4A3C4F-B3F2-4226-A7BA-BA4FA971FF19}.Release|anycpu.ActiveCfg = Release|anycpu
		{FD4A3C4F-B3F2-4226-A7BA-BA4FA971FF19}.Release|anycpu.Build.0 = Release|anycpu
	EndGlobalSection
	GlobalSection(SolutionProperties) = preSolution
		HideSolutionNode = FALSE
	EndGlobalSection
	GlobalSection(ExtensibilityGlobals) = postSolution
		SolutionGuid = {DCE3CFFF-D805-4868-8C45-1CD817BBAEA1}
	EndGlobalSection
EndGlobal
