
Microsoft Visual Studio Solution File, Format Version 12.00
# Visual Studio Version 16
VisualStudioVersion = 16.0.810.22
MinimumVisualStudioVersion = 10.0.40219.1
Project("{FAE04EC0-301F-11D3-BF4B-00C04F79EFBC}") = "CourseAula70VetorParte2", "CourseAula70VetorParte2\CourseAula70VetorParte2.csproj", "{66E94B1C-B965-499B-A67E-E4CB01EAC651}"
EndProject
Global
	GlobalSection(SolutionConfigurationPlatforms) = preSolution
		Debug|anycpu = Debug|anycpu
		Release|anycpu = Release|anycpu
	EndGlobalSection
	GlobalSection(ProjectConfigurationPlatforms) = postSolution
		{66E94B1C-B965-499B-A67E-E4CB01EAC651}.Debug|anycpu.ActiveCfg = Debug|anycpu
		{66E94B1C-B965-499B-A67E-E4CB01EAC651}.Debug|anycpu.Build.0 = Debug|anycpu
		{66E94B1C-B965-499B-A67E-E4CB01EAC651}.Release|anycpu.ActiveCfg = Release|anycpu
		{66E94B1C-B965-499B-A67E-E4CB01EAC651}.Release|anycpu.Build.0 = Release|anycpu
	EndGlobalSection
	GlobalSection(SolutionProperties) = preSolution
		HideSolutionNode = FALSE
	EndGlobalSection
	GlobalSection(ExtensibilityGlobals) = postSolution
		SolutionGuid = {9096256D-3FB0-4EEF-B007-A28A0F4F2597}
	EndGlobalSection
EndGlobal
