
Microsoft Visual Studio Solution File, Format Version 12.00
# Visual Studio Version 16
VisualStudioVersion = 16.0.810.21
MinimumVisualStudioVersion = 10.0.40219.1
Project("{FAE04EC0-301F-11D3-BF4B-00C04F79EFBC}") = "CouseAula27EstruturaCondicionalIfElse", "CouseAula27EstruturaCondicionalIfElse\CouseAula27EstruturaCondicionalIfElse.csproj", "{2596B03D-6215-422F-8B1F-7912AB04FF8A}"
EndProject
Global
	GlobalSection(SolutionConfigurationPlatforms) = preSolution
		Debug|anycpu = Debug|anycpu
		Release|anycpu = Release|anycpu
	EndGlobalSection
	GlobalSection(ProjectConfigurationPlatforms) = postSolution
		{2596B03D-6215-422F-8B1F-7912AB04FF8A}.Debug|anycpu.ActiveCfg = Debug|anycpu
		{2596B03D-6215-422F-8B1F-7912AB04FF8A}.Debug|anycpu.Build.0 = Debug|anycpu
		{2596B03D-6215-422F-8B1F-7912AB04FF8A}.Release|anycpu.ActiveCfg = Release|anycpu
		{2596B03D-6215-422F-8B1F-7912AB04FF8A}.Release|anycpu.Build.0 = Release|anycpu
	EndGlobalSection
	GlobalSection(SolutionProperties) = preSolution
		HideSolutionNode = FALSE
	EndGlobalSection
	GlobalSection(ExtensibilityGlobals) = postSolution
		SolutionGuid = {C39F5D53-0418-46D4-8F35-DB8AD5488EA6}
	EndGlobalSection
EndGlobal
