
Microsoft Visual Studio Solution File, Format Version 12.00
# Visual Studio Version 16
VisualStudioVersion = 16.0.810.21
MinimumVisualStudioVersion = 10.0.40219.1
Project("{FAE04EC0-301F-11D3-BF4B-00C04F79EFBC}") = "CouseAula32EstruturaRepetitiva", "CouseAula32EstruturaRepetitiva\CouseAula32EstruturaRepetitiva.csproj", "{4F0FFF40-987C-4239-9E67-4AB3EC86214A}"
EndProject
Global
	GlobalSection(SolutionConfigurationPlatforms) = preSolution
		Debug|anycpu = Debug|anycpu
		Release|anycpu = Release|anycpu
	EndGlobalSection
	GlobalSection(ProjectConfigurationPlatforms) = postSolution
		{4F0FFF40-987C-4239-9E67-4AB3EC86214A}.Debug|anycpu.ActiveCfg = Debug|anycpu
		{4F0FFF40-987C-4239-9E67-4AB3EC86214A}.Debug|anycpu.Build.0 = Debug|anycpu
		{4F0FFF40-987C-4239-9E67-4AB3EC86214A}.Release|anycpu.ActiveCfg = Release|anycpu
		{4F0FFF40-987C-4239-9E67-4AB3EC86214A}.Release|anycpu.Build.0 = Release|anycpu
	EndGlobalSection
	GlobalSection(SolutionProperties) = preSolution
		HideSolutionNode = FALSE
	EndGlobalSection
	GlobalSection(ExtensibilityGlobals) = postSolution
		SolutionGuid = {ADFA9581-0230-4334-B36B-9F9BCA3E5625}
	EndGlobalSection
EndGlobal
